
Microsoft Visual Studio Solution File, Format Version 12.00
# Visual Studio Version 17
VisualStudioVersion = 17.10.34916.146
MinimumVisualStudioVersion = 10.0.40219.1
Project("{FAE04EC0-301F-11D3-BF4B-00C04F79EFBC}") = "WebApi", "src\WebApi\WebApi.csproj", "{8DA4BB48-C36E-4B41-BACD-DFE087F4D5FE}"
EndProject
Global
	GlobalSection(SolutionConfigurationPlatforms) = preSolution
		Debug|Any CPU = Debug|Any CPU
		Release|Any CPU = Release|Any CPU
	EndGlobalSection
	GlobalSection(ProjectConfigurationPlatforms) = postSolution
		{8DA4BB48-C36E-4B41-BACD-DFE087F4D5FE}.Debug|Any CPU.ActiveCfg = Debug|Any CPU
		{8DA4BB48-C36E-4B41-BACD-DFE087F4D5FE}.Debug|Any CPU.Build.0 = Debug|Any CPU
		{8DA4BB48-C36E-4B41-BACD-DFE087F4D5FE}.Release|Any CPU.ActiveCfg = Release|Any CPU
		{8DA4BB48-C36E-4B41-BACD-DFE087F4D5FE}.Release|Any CPU.Build.0 = Release|Any CPU
	EndGlobalSection
	GlobalSection(SolutionProperties) = preSolution
		HideSolutionNode = FALSE
	EndGlobalSection
	GlobalSection(ExtensibilityGlobals) = postSolution
		SolutionGuid = {4E2283AF-61DE-4B7C-B702-C6AD034286C7}
	EndGlobalSection
EndGlobal
